
Microsoft Visual Studio Solution File, Format Version 12.00
Project("{FAE04EC0-301F-11D3-BF4B-00C04F79EFBC}") = "kolokwiumPoprawa", "kolokwiumPoprawa\kolokwiumPoprawa.csproj", "{EF80278E-C640-4E8B-A966-2BCF5BEE813B}"
EndProject
Global
	GlobalSection(SolutionConfigurationPlatforms) = preSolution
		Debug|Any CPU = Debug|Any CPU
		Release|Any CPU = Release|Any CPU
	EndGlobalSection
	GlobalSection(ProjectConfigurationPlatforms) = postSolution
		{EF80278E-C640-4E8B-A966-2BCF5BEE813B}.Debug|Any CPU.ActiveCfg = Debug|Any CPU
		{EF80278E-C640-4E8B-A966-2BCF5BEE813B}.Debug|Any CPU.Build.0 = Debug|Any CPU
		{EF80278E-C640-4E8B-A966-2BCF5BEE813B}.Release|Any CPU.ActiveCfg = Release|Any CPU
		{EF80278E-C640-4E8B-A966-2BCF5BEE813B}.Release|Any CPU.Build.0 = Release|Any CPU
	EndGlobalSection
EndGlobal
